// !$*UTF8*$!
{
	archiveVersion = 1;
	classes = {
	};
	objectVersion = 46;
	objects = {

/* Begin PBXBuildFile section */
		04602FE6190DC54000B4BC54 /* EZBitWriter.m in Sources */ = {isa = PBXBuildFile; fileRef = 04602FE5190DC54000B4BC54 /* EZBitWriter.m */; };
		04635245190DA548003C8281 /* Foundation.framework in Frameworks */ = {isa = PBXBuildFile; fileRef = 04CA3F88190C93C300A6C2A9 /* Foundation.framework */; };
		0463527C190DA630003C8281 /* ez.m in Sources */ = {isa = PBXBuildFile; fileRef = 0463526C190DA630003C8281 /* ez.m */; };
		04635280190DA630003C8281 /* EZNode.m in Sources */ = {isa = PBXBuildFile; fileRef = 04635276190DA630003C8281 /* EZNode.m */; };
		04635281190DA630003C8281 /* EZTree.m in Sources */ = {isa = PBXBuildFile; fileRef = 04635278190DA630003C8281 /* EZTree.m */; };
		04635283190DA630003C8281 /* main.m in Sources */ = {isa = PBXBuildFile; fileRef = 0463527B190DA630003C8281 /* main.m */; };
		04FE3474191077F20037CAE4 /* EZOperationTimer.m in Sources */ = {isa = PBXBuildFile; fileRef = 04FE3473191077F20037CAE4 /* EZOperationTimer.m */; };
		04FE34771911A2070037CAE4 /* EZSecurity.m in Sources */ = {isa = PBXBuildFile; fileRef = 04FE34761911A2070037CAE4 /* EZSecurity.m */; };
		04FE347B1911AD620037CAE4 /* EZBitset.m in Sources */ = {isa = PBXBuildFile; fileRef = 04FE347A1911AD620037CAE4 /* EZBitset.m */; };
		04FE347E1911D6530037CAE4 /* EZBitReader.m in Sources */ = {isa = PBXBuildFile; fileRef = 04FE347D1911D6530037CAE4 /* EZBitReader.m */; };
/* End PBXBuildFile section */

/* Begin PBXCopyFilesBuildPhase section */
		04635242190DA548003C8281 /* CopyFiles */ = {
			isa = PBXCopyFilesBuildPhase;
			buildActionMask = 2147483647;
			dstPath = /usr/share/man/man1/;
			dstSubfolderSpec = 0;
			files = (
			);
			runOnlyForDeploymentPostprocessing = 1;
		};
/* End PBXCopyFilesBuildPhase section */

/* Begin PBXFileReference section */
		04602FE4190DC54000B4BC54 /* EZBitWriter.h */ = {isa = PBXFileReference; fileEncoding = 4; lastKnownFileType = sourcecode.c.h; path = EZBitWriter.h; sourceTree = "<group>"; };
		04602FE5190DC54000B4BC54 /* EZBitWriter.m */ = {isa = PBXFileReference; fileEncoding = 4; lastKnownFileType = sourcecode.c.objc; path = EZBitWriter.m; sourceTree = "<group>"; };
		04602FE7190EECC400B4BC54 /* libcommonCrypto.dylib */ = {isa = PBXFileReference; lastKnownFileType = "compiled.mach-o.dylib"; name = libcommonCrypto.dylib; path = usr/lib/system/libcommonCrypto.dylib; sourceTree = SDKROOT; };
		04602FE9190EEF0200B4BC54 /* Security.framework */ = {isa = PBXFileReference; lastKnownFileType = wrapper.framework; name = Security.framework; path = System/Library/Frameworks/Security.framework; sourceTree = SDKROOT; };
		04602FEB190EEF2700B4BC54 /* libSystem.dylib */ = {isa = PBXFileReference; lastKnownFileType = "compiled.mach-o.dylib"; name = libSystem.dylib; path = usr/lib/libSystem.dylib; sourceTree = SDKROOT; };
		04635244190DA548003C8281 /* ezip */ = {isa = PBXFileReference; explicitFileType = "compiled.mach-o.executable"; includeInIndex = 0; path = ezip; sourceTree = BUILT_PRODUCTS_DIR; };
		0463526A190DA630003C8281 /* ez.1 */ = {isa = PBXFileReference; fileEncoding = 4; lastKnownFileType = text.man; name = ez.1; path = ezip/ez.1; sourceTree = SOURCE_ROOT; };
		0463526B190DA630003C8281 /* ez.h */ = {isa = PBXFileReference; fileEncoding = 4; lastKnownFileType = sourcecode.c.h; path = ez.h; sourceTree = "<group>"; };
		0463526C190DA630003C8281 /* ez.m */ = {isa = PBXFileReference; fileEncoding = 4; lastKnownFileType = sourcecode.c.objc; path = ez.m; sourceTree = "<group>"; };
		04635274190DA630003C8281 /* ezip-Prefix.pch */ = {isa = PBXFileReference; fileEncoding = 4; lastKnownFileType = sourcecode.c.h; name = "ezip-Prefix.pch"; path = "ezip/ezip-Prefix.pch"; sourceTree = SOURCE_ROOT; };
		04635275190DA630003C8281 /* EZNode.h */ = {isa = PBXFileReference; fileEncoding = 4; lastKnownFileType = sourcecode.c.h; path = EZNode.h; sourceTree = "<group>"; };
		04635276190DA630003C8281 /* EZNode.m */ = {isa = PBXFileReference; fileEncoding = 4; lastKnownFileType = sourcecode.c.objc; path = EZNode.m; sourceTree = "<group>"; };
		04635277190DA630003C8281 /* EZTree.h */ = {isa = PBXFileReference; fileEncoding = 4; lastKnownFileType = sourcecode.c.h; path = EZTree.h; sourceTree = "<group>"; };
		04635278190DA630003C8281 /* EZTree.m */ = {isa = PBXFileReference; fileEncoding = 4; lastKnownFileType = sourcecode.c.objc; path = EZTree.m; sourceTree = "<group>"; };
		0463527B190DA630003C8281 /* main.m */ = {isa = PBXFileReference; fileEncoding = 4; lastKnownFileType = sourcecode.c.objc; path = main.m; sourceTree = "<group>"; };
		04CA3F88190C93C300A6C2A9 /* Foundation.framework */ = {isa = PBXFileReference; lastKnownFileType = wrapper.framework; name = Foundation.framework; path = System/Library/Frameworks/Foundation.framework; sourceTree = SDKROOT; };
		04FE3472191077F20037CAE4 /* EZOperationTimer.h */ = {isa = PBXFileReference; fileEncoding = 4; lastKnownFileType = sourcecode.c.h; path = EZOperationTimer.h; sourceTree = "<group>"; };
		04FE3473191077F20037CAE4 /* EZOperationTimer.m */ = {isa = PBXFileReference; fileEncoding = 4; lastKnownFileType = sourcecode.c.objc; path = EZOperationTimer.m; sourceTree = "<group>"; };
		04FE34751911A2070037CAE4 /* EZSecurity.h */ = {isa = PBXFileReference; fileEncoding = 4; lastKnownFileType = sourcecode.c.h; path = EZSecurity.h; sourceTree = "<group>"; };
		04FE34761911A2070037CAE4 /* EZSecurity.m */ = {isa = PBXFileReference; fileEncoding = 4; lastKnownFileType = sourcecode.c.objc; path = EZSecurity.m; sourceTree = "<group>"; };
		04FE34791911AD620037CAE4 /* EZBitset.h */ = {isa = PBXFileReference; fileEncoding = 4; lastKnownFileType = sourcecode.c.h; path = EZBitset.h; sourceTree = "<group>"; };
		04FE347A1911AD620037CAE4 /* EZBitset.m */ = {isa = PBXFileReference; fileEncoding = 4; lastKnownFileType = sourcecode.c.objc; path = EZBitset.m; sourceTree = "<group>"; };
		04FE347C1911D6530037CAE4 /* EZBitReader.h */ = {isa = PBXFileReference; fileEncoding = 4; lastKnownFileType = sourcecode.c.h; path = EZBitReader.h; sourceTree = "<group>"; };
		04FE347D1911D6530037CAE4 /* EZBitReader.m */ = {isa = PBXFileReference; fileEncoding = 4; lastKnownFileType = sourcecode.c.objc; path = EZBitReader.m; sourceTree = "<group>"; };
/* End PBXFileReference section */

/* Begin PBXFrameworksBuildPhase section */
		04635241190DA548003C8281 /* Frameworks */ = {
			isa = PBXFrameworksBuildPhase;
			buildActionMask = 2147483647;
			files = (
				04635245190DA548003C8281 /* Foundation.framework in Frameworks */,
			);
			runOnlyForDeploymentPostprocessing = 0;
		};
/* End PBXFrameworksBuildPhase section */

/* Begin PBXGroup section */
		04635246190DA548003C8281 /* ezip */ = {
			isa = PBXGroup;
			children = (
				04635275190DA630003C8281 /* EZNode.h */,
				04635276190DA630003C8281 /* EZNode.m */,
				04635277190DA630003C8281 /* EZTree.h */,
				04635278190DA630003C8281 /* EZTree.m */,
				04602FE4190DC54000B4BC54 /* EZBitWriter.h */,
				04602FE5190DC54000B4BC54 /* EZBitWriter.m */,
				04FE347C1911D6530037CAE4 /* EZBitReader.h */,
				04FE347D1911D6530037CAE4 /* EZBitReader.m */,
				04FE3472191077F20037CAE4 /* EZOperationTimer.h */,
				04FE3473191077F20037CAE4 /* EZOperationTimer.m */,
				0463526B190DA630003C8281 /* ez.h */,
				0463526C190DA630003C8281 /* ez.m */,
				04FE34751911A2070037CAE4 /* EZSecurity.h */,
				04FE34761911A2070037CAE4 /* EZSecurity.m */,
				04FE34791911AD620037CAE4 /* EZBitset.h */,
				04FE347A1911AD620037CAE4 /* EZBitset.m */,
				0463527B190DA630003C8281 /* main.m */,
				04CA3F8D190C93C300A6C2A9 /* Supporting Files */,
			);
			path = ezip;
			sourceTree = "<group>";
		};
		04CA3F7C190C93C300A6C2A9 = {
			isa = PBXGroup;
			children = (
				04635246190DA548003C8281 /* ezip */,
				04CA3F87190C93C300A6C2A9 /* Frameworks */,
				04CA3F86190C93C300A6C2A9 /* Products */,
			);
			sourceTree = "<group>";
		};
		04CA3F86190C93C300A6C2A9 /* Products */ = {
			isa = PBXGroup;
			children = (
				04635244190DA548003C8281 /* ezip */,
			);
			name = Products;
			sourceTree = "<group>";
		};
		04CA3F87190C93C300A6C2A9 /* Frameworks */ = {
			isa = PBXGroup;
			children = (
				04602FEB190EEF2700B4BC54 /* libSystem.dylib */,
				04602FE9190EEF0200B4BC54 /* Security.framework */,
				04602FE7190EECC400B4BC54 /* libcommonCrypto.dylib */,
				04CA3F88190C93C300A6C2A9 /* Foundation.framework */,
			);
			name = Frameworks;
			sourceTree = "<group>";
		};
		04CA3F8D190C93C300A6C2A9 /* Supporting Files */ = {
			isa = PBXGroup;
			children = (
				04635274190DA630003C8281 /* ezip-Prefix.pch */,
				0463526A190DA630003C8281 /* ez.1 */,
			);
			name = "Supporting Files";
			path = ../ez;
			sourceTree = "<group>";
		};
/* End PBXGroup section */

/* Begin PBXNativeTarget section */
		04635243190DA548003C8281 /* ezip */ = {
			isa = PBXNativeTarget;
			buildConfigurationList = 0463524D190DA548003C8281 /* Build configuration list for PBXNativeTarget "ezip" */;
			buildPhases = (
				04635240190DA548003C8281 /* Sources */,
				04635241190DA548003C8281 /* Frameworks */,
				04635242190DA548003C8281 /* CopyFiles */,
			);
			buildRules = (
			);
			dependencies = (
			);
			name = ezip;
			productName = ezip;
			productReference = 04635244190DA548003C8281 /* ezip */;
			productType = "com.apple.product-type.tool";
		};
/* End PBXNativeTarget section */

/* Begin PBXProject section */
		04CA3F7D190C93C300A6C2A9 /* Project object */ = {
			isa = PBXProject;
			attributes = {
				LastUpgradeCheck = 0510;
				ORGANIZATIONNAME = "Jack Maloney";
			};
			buildConfigurationList = 04CA3F80190C93C300A6C2A9 /* Build configuration list for PBXProject "ez" */;
			compatibilityVersion = "Xcode 3.2";
			developmentRegion = English;
			hasScannedForEncodings = 0;
			knownRegions = (
				en,
			);
			mainGroup = 04CA3F7C190C93C300A6C2A9;
			productRefGroup = 04CA3F86190C93C300A6C2A9 /* Products */;
			projectDirPath = "";
			projectRoot = "";
			targets = (
				04635243190DA548003C8281 /* ezip */,
			);
		};
/* End PBXProject section */

/* Begin PBXSourcesBuildPhase section */
		04635240190DA548003C8281 /* Sources */ = {
			isa = PBXSourcesBuildPhase;
			buildActionMask = 2147483647;
			files = (
				04FE3474191077F20037CAE4 /* EZOperationTimer.m in Sources */,
				0463527C190DA630003C8281 /* ez.m in Sources */,
				04FE347E1911D6530037CAE4 /* EZBitReader.m in Sources */,
				04602FE6190DC54000B4BC54 /* EZBitWriter.m in Sources */,
				04635281190DA630003C8281 /* EZTree.m in Sources */,
				04635283190DA630003C8281 /* main.m in Sources */,
				04FE34771911A2070037CAE4 /* EZSecurity.m in Sources */,
				04635280190DA630003C8281 /* EZNode.m in Sources */,
				04FE347B1911AD620037CAE4 /* EZBitset.m in Sources */,
			);
			runOnlyForDeploymentPostprocessing = 0;
		};
/* End PBXSourcesBuildPhase section */

/* Begin XCBuildConfiguration section */
		0463524E190DA548003C8281 /* Debug */ = {
			isa = XCBuildConfiguration;
			buildSettings = {
				GCC_PRECOMPILE_PREFIX_HEADER = YES;
				GCC_PREFIX_HEADER = "ezip/ezip-Prefix.pch";
				GCC_PREPROCESSOR_DEFINITIONS = (
					"DEBUG=1",
					"$(inherited)",
				);
				LIBRARY_SEARCH_PATHS = (
					"$(inherited)",
					"$(SDKROOT)/usr/lib/system",
				);
				PRODUCT_NAME = "$(TARGET_NAME)";
			};
			name = Debug;
		};
		0463524F190DA548003C8281 /* Release */ = {
			isa = XCBuildConfiguration;
			buildSettings = {
				GCC_PRECOMPILE_PREFIX_HEADER = YES;
				GCC_PREFIX_HEADER = "ezip/ezip-Prefix.pch";
				LIBRARY_SEARCH_PATHS = (
					"$(inherited)",
					"$(SDKROOT)/usr/lib/system",
				);
				PRODUCT_NAME = "$(TARGET_NAME)";
			};
			name = Release;
		};
		04CA3F91190C93C300A6C2A9 /* Debug */ = {
			isa = XCBuildConfiguration;
			buildSettings = {
				ALWAYS_SEARCH_USER_PATHS = NO;
				CLANG_CXX_LANGUAGE_STANDARD = "gnu++0x";
				CLANG_CXX_LIBRARY = "libc++";
				CLANG_ENABLE_MODULES = YES;
				CLANG_ENABLE_OBJC_ARC = YES;
				CLANG_WARN_BOOL_CONVERSION = YES;
				CLANG_WARN_CONSTANT_CONVERSION = YES;
				CLANG_WARN_DIRECT_OBJC_ISA_USAGE = YES_ERROR;
				CLANG_WARN_EMPTY_BODY = YES;
				CLANG_WARN_ENUM_CONVERSION = YES;
				CLANG_WARN_INT_CONVERSION = YES;
				CLANG_WARN_OBJC_ROOT_CLASS = YES_ERROR;
				CLANG_WARN__DUPLICATE_METHOD_MATCH = YES;
				COPY_PHASE_STRIP = NO;
				GCC_C_LANGUAGE_STANDARD = gnu99;
				GCC_DYNAMIC_NO_PIC = NO;
				GCC_ENABLE_OBJC_EXCEPTIONS = YES;
				GCC_OPTIMIZATION_LEVEL = 0;
				GCC_PREPROCESSOR_DEFINITIONS = (
					"DEBUG=1",
					"$(inherited)",
				);
				GCC_SYMBOLS_PRIVATE_EXTERN = NO;
				GCC_WARN_64_TO_32_BIT_CONVERSION = YES;
				GCC_WARN_ABOUT_RETURN_TYPE = YES_ERROR;
				GCC_WARN_UNDECLARED_SELECTOR = YES;
				GCC_WARN_UNINITIALIZED_AUTOS = YES_AGGRESSIVE;
				GCC_WARN_UNUSED_FUNCTION = YES;
				GCC_WARN_UNUSED_VARIABLE = YES;
				MACOSX_DEPLOYMENT_TARGET = 10.9;
				ONLY_ACTIVE_ARCH = YES;
				SDKROOT = macosx;
			};
			name = Debug;
		};
		04CA3F92190C93C300A6C2A9 /* Release */ = {
			isa = XCBuildConfiguration;
			buildSettings = {
				ALWAYS_SEARCH_USER_PATHS = NO;
				CLANG_CXX_LANGUAGE_STANDARD = "gnu++0x";
				CLANG_CXX_LIBRARY = "libc++";
				CLANG_ENABLE_MODULES = YES;
				CLANG_ENABLE_OBJC_ARC = YES;
				CLANG_WARN_BOOL_CONVERSION = YES;
				CLANG_WARN_CONSTANT_CONVERSION = YES;
				CLANG_WARN_DIRECT_OBJC_ISA_USAGE = YES_ERROR;
				CLANG_WARN_EMPTY_BODY = YES;
				CLANG_WARN_ENUM_CONVERSION = YES;
				CLANG_WARN_INT_CONVERSION = YES;
				CLANG_WARN_OBJC_ROOT_CLASS = YES_ERROR;
				CLANG_WARN__DUPLICATE_METHOD_MATCH = YES;
				COPY_PHASE_STRIP = YES;
				DEBUG_INFORMATION_FORMAT = "dwarf-with-dsym";
				ENABLE_NS_ASSERTIONS = NO;
				GCC_C_LANGUAGE_STANDARD = gnu99;
				GCC_ENABLE_OBJC_EXCEPTIONS = YES;
				GCC_WARN_64_TO_32_BIT_CONVERSION = YES;
				GCC_WARN_ABOUT_RETURN_TYPE = YES_ERROR;
				GCC_WARN_UNDECLARED_SELECTOR = YES;
				GCC_WARN_UNINITIALIZED_AUTOS = YES_AGGRESSIVE;
				GCC_WARN_UNUSED_FUNCTION = YES;
				GCC_WARN_UNUSED_VARIABLE = YES;
				MACOSX_DEPLOYMENT_TARGET = 10.9;
				SDKROOT = macosx;
			};
			name = Release;
		};
/* End XCBuildConfiguration section */

/* Begin XCConfigurationList section */
		0463524D190DA548003C8281 /* Build configuration list for PBXNativeTarget "ezip" */ = {
			isa = XCConfigurationList;
			buildConfigurations = (
				0463524E190DA548003C8281 /* Debug */,
				0463524F190DA548003C8281 /* Release */,
			);
			defaultConfigurationIsVisible = 0;
			defaultConfigurationName = Release;
		};
		04CA3F80190C93C300A6C2A9 /* Build configuration list for PBXProject "ez" */ = {
			isa = XCConfigurationList;
			buildConfigurations = (
				04CA3F91190C93C300A6C2A9 /* Debug */,
				04CA3F92190C93C300A6C2A9 /* Release */,
			);
			defaultConfigurationIsVisible = 0;
			defaultConfigurationName = Release;
		};
/* End XCConfigurationList section */
	};
	rootObject = 04CA3F7D190C93C300A6C2A9 /* Project object */;
}
